
Microsoft Visual Studio Solution File, Format Version 12.00
# Visual Studio for Mac
Project("{FAE04EC0-301F-11D3-BF4B-00C04F79EFBC}") = "Assembly-CSharp", "Assembly-CSharp.csproj", "{5AF07198-061E-4160-C3FE-E59120F46343}"
EndProject
Project("{FAE04EC0-301F-11D3-BF4B-00C04F79EFBC}") = "Assembly-CSharp-firstpass", "Assembly-CSharp-firstpass.csproj", "{C1E049F1-91DA-8DCD-0B4E-AE47C81DAA13}"
EndProject
Project("{FAE04EC0-301F-11D3-BF4B-00C04F79EFBC}") = "Assembly-CSharp-Editor-firstpass", "Assembly-CSharp-Editor-firstpass.csproj", "{B2EC8533-431A-B274-D94A-E7C285CFA13C}"
EndProject
Global
	GlobalSection(SolutionConfigurationPlatforms) = preSolution
		Debug|Any CPU = Debug|Any CPU
		Release|Any CPU = Release|Any CPU
	EndGlobalSection
	GlobalSection(ProjectConfigurationPlatforms) = postSolution
		{5AF07198-061E-4160-C3FE-E59120F46343}.Debug|Any CPU.ActiveCfg = Debug|Any CPU
		{5AF07198-061E-4160-C3FE-E59120F46343}.Debug|Any CPU.Build.0 = Debug|Any CPU
		{5AF07198-061E-4160-C3FE-E59120F46343}.Release|Any CPU.ActiveCfg = Release|Any CPU
		{5AF07198-061E-4160-C3FE-E59120F46343}.Release|Any CPU.Build.0 = Release|Any CPU
		{C1E049F1-91DA-8DCD-0B4E-AE47C81DAA13}.Debug|Any CPU.ActiveCfg = Debug|Any CPU
		{C1E049F1-91DA-8DCD-0B4E-AE47C81DAA13}.Debug|Any CPU.Build.0 = Debug|Any CPU
		{C1E049F1-91DA-8DCD-0B4E-AE47C81DAA13}.Release|Any CPU.ActiveCfg = Release|Any CPU
		{C1E049F1-91DA-8DCD-0B4E-AE47C81DAA13}.Release|Any CPU.Build.0 = Release|Any CPU
		{B2EC8533-431A-B274-D94A-E7C285CFA13C}.Debug|Any CPU.ActiveCfg = Debug|Any CPU
		{B2EC8533-431A-B274-D94A-E7C285CFA13C}.Debug|Any CPU.Build.0 = Debug|Any CPU
		{B2EC8533-431A-B274-D94A-E7C285CFA13C}.Release|Any CPU.ActiveCfg = Release|Any CPU
		{B2EC8533-431A-B274-D94A-E7C285CFA13C}.Release|Any CPU.Build.0 = Release|Any CPU
	EndGlobalSection
	GlobalSection(SolutionProperties) = preSolution
		HideSolutionNode = FALSE
	EndGlobalSection
EndGlobal
